
Microsoft Visual Studio Solution File, Format Version 12.00
# Visual Studio Version 17
VisualStudioVersion = 17.0.32112.339
MinimumVisualStudioVersion = 10.0.40219.1
Project("{FAE04EC0-301F-11D3-BF4B-00C04F79EFBC}") = "ET", "ET.csproj", "{8A4606F2-4C55-4A6E-810E-357EBAED09B7}"
EndProject
Project("{FAE04EC0-301F-11D3-BF4B-00C04F79EFBC}") = "BL", "..\BL\BL.csproj", "{F1CA73CE-4B26-4BC8-9307-39B8406C0B72}"
EndProject
Project("{FAE04EC0-301F-11D3-BF4B-00C04F79EFBC}") = "DAL", "..\DAL\DAL.csproj", "{09A5B0D2-B4B5-4B07-86CB-FA687065AD51}"
EndProject
Project("{FAE04EC0-301F-11D3-BF4B-00C04F79EFBC}") = "LibrosNetCore6", "..\LibrosNetCore6\LibrosNetCore6.csproj", "{DA9C8237-4C34-4891-9F15-1FDCF245145B}"
EndProject
Global
	GlobalSection(SolutionConfigurationPlatforms) = preSolution
		Debug|Any CPU = Debug|Any CPU
		Release|Any CPU = Release|Any CPU
	EndGlobalSection
	GlobalSection(ProjectConfigurationPlatforms) = postSolution
		{8A4606F2-4C55-4A6E-810E-357EBAED09B7}.Debug|Any CPU.ActiveCfg = Debug|Any CPU
		{8A4606F2-4C55-4A6E-810E-357EBAED09B7}.Debug|Any CPU.Build.0 = Debug|Any CPU
		{8A4606F2-4C55-4A6E-810E-357EBAED09B7}.Release|Any CPU.ActiveCfg = Release|Any CPU
		{8A4606F2-4C55-4A6E-810E-357EBAED09B7}.Release|Any CPU.Build.0 = Release|Any CPU
		{F1CA73CE-4B26-4BC8-9307-39B8406C0B72}.Debug|Any CPU.ActiveCfg = Debug|Any CPU
		{F1CA73CE-4B26-4BC8-9307-39B8406C0B72}.Debug|Any CPU.Build.0 = Debug|Any CPU
		{F1CA73CE-4B26-4BC8-9307-39B8406C0B72}.Release|Any CPU.ActiveCfg = Release|Any CPU
		{F1CA73CE-4B26-4BC8-9307-39B8406C0B72}.Release|Any CPU.Build.0 = Release|Any CPU
		{09A5B0D2-B4B5-4B07-86CB-FA687065AD51}.Debug|Any CPU.ActiveCfg = Debug|Any CPU
		{09A5B0D2-B4B5-4B07-86CB-FA687065AD51}.Debug|Any CPU.Build.0 = Debug|Any CPU
		{09A5B0D2-B4B5-4B07-86CB-FA687065AD51}.Release|Any CPU.ActiveCfg = Release|Any CPU
		{09A5B0D2-B4B5-4B07-86CB-FA687065AD51}.Release|Any CPU.Build.0 = Release|Any CPU
		{DA9C8237-4C34-4891-9F15-1FDCF245145B}.Debug|Any CPU.ActiveCfg = Debug|Any CPU
		{DA9C8237-4C34-4891-9F15-1FDCF245145B}.Debug|Any CPU.Build.0 = Debug|Any CPU
		{DA9C8237-4C34-4891-9F15-1FDCF245145B}.Release|Any CPU.ActiveCfg = Release|Any CPU
		{DA9C8237-4C34-4891-9F15-1FDCF245145B}.Release|Any CPU.Build.0 = Release|Any CPU
	EndGlobalSection
	GlobalSection(SolutionProperties) = preSolution
		HideSolutionNode = FALSE
	EndGlobalSection
	GlobalSection(ExtensibilityGlobals) = postSolution
		SolutionGuid = {A1337494-9A9E-4644-AD30-B4E58A37E6E2}
	EndGlobalSection
EndGlobal
